
Microsoft Visual Studio Solution File, Format Version 12.00
# Visual Studio Version 17
VisualStudioVersion = 17.2.32630.192
MinimumVisualStudioVersion = 10.0.40219.1
Project("{9A19103F-16F7-4668-BE54-9A1E7A4F7556}") = "generate-teamnames", "generate-teamnames\generate-teamnames.csproj", "{C81A0053-1317-4752-B73B-839D667B1386}"
EndProject
Global
	GlobalSection(SolutionConfigurationPlatforms) = preSolution
		Debug|Any CPU = Debug|Any CPU
		Release|Any CPU = Release|Any CPU
	EndGlobalSection
	GlobalSection(ProjectConfigurationPlatforms) = postSolution
		{C81A0053-1317-4752-B73B-839D667B1386}.Debug|Any CPU.ActiveCfg = Debug|Any CPU
		{C81A0053-1317-4752-B73B-839D667B1386}.Debug|Any CPU.Build.0 = Debug|Any CPU
		{C81A0053-1317-4752-B73B-839D667B1386}.Release|Any CPU.ActiveCfg = Release|Any CPU
		{C81A0053-1317-4752-B73B-839D667B1386}.Release|Any CPU.Build.0 = Release|Any CPU
	EndGlobalSection
	GlobalSection(SolutionProperties) = preSolution
		HideSolutionNode = FALSE
	EndGlobalSection
	GlobalSection(ExtensibilityGlobals) = postSolution
		SolutionGuid = {2D771570-0E61-463E-B866-047DA63C87C8}
	EndGlobalSection
EndGlobal
